
Microsoft Visual Studio Solution File, Format Version 12.00
# Visual Studio Version 17
VisualStudioVersion = 17.14.36429.23 d17.14
MinimumVisualStudioVersion = 10.0.40219.1
Project("{FAE04EC0-301F-11D3-BF4B-00C04F79EFBC}") = "Calculator_Fulton_Christopher", "Calculator_Fulton_Christopher\Calculator_Fulton_Christopher.csproj", "{A7019E85-2BE4-4574-B2E0-40D959C0AAD5}"
EndProject
Global
	GlobalSection(SolutionConfigurationPlatforms) = preSolution
		Debug|Any CPU = Debug|Any CPU
		Release|Any CPU = Release|Any CPU
	EndGlobalSection
	GlobalSection(ProjectConfigurationPlatforms) = postSolution
		{A7019E85-2BE4-4574-B2E0-40D959C0AAD5}.Debug|Any CPU.ActiveCfg = Debug|Any CPU
		{A7019E85-2BE4-4574-B2E0-40D959C0AAD5}.Debug|Any CPU.Build.0 = Debug|Any CPU
		{A7019E85-2BE4-4574-B2E0-40D959C0AAD5}.Release|Any CPU.ActiveCfg = Release|Any CPU
		{A7019E85-2BE4-4574-B2E0-40D959C0AAD5}.Release|Any CPU.Build.0 = Release|Any CPU
	EndGlobalSection
	GlobalSection(SolutionProperties) = preSolution
		HideSolutionNode = FALSE
	EndGlobalSection
	GlobalSection(ExtensibilityGlobals) = postSolution
		SolutionGuid = {780EF27F-4BE6-47D0-A168-CA2ABD0E28C8}
	EndGlobalSection
EndGlobal
